
Microsoft Visual Studio Solution File, Format Version 12.00
# Visual Studio 14
VisualStudioVersion = 14.0.25123.0
MinimumVisualStudioVersion = 10.0.40219.1
Project("{FAE04EC0-301F-11D3-BF4B-00C04F79EFBC}") = "CrossNtErp.Droid", "CrossNtErp\CrossNtErp.Droid\CrossNtErp.Droid.csproj", "{D9B6B95A-E5C6-479F-B6AE-F9BE7B7B0DA4}"
EndProject
Project("{FAE04EC0-301F-11D3-BF4B-00C04F79EFBC}") = "CrossNtErp.iOS", "CrossNtErp\CrossNtErp.iOS\CrossNtErp.iOS.csproj", "{5071D295-D20B-406A-8AAB-49374B35F1DB}"
EndProject
Project("{FAE04EC0-301F-11D3-BF4B-00C04F79EFBC}") = "CrossNtErp.WinPhone", "CrossNtErp\CrossNtErp.WinPhone\CrossNtErp.WinPhone.csproj", "{3159EB6A-EA7A-45C2-8F24-7B84EE36C5B9}"
EndProject
Project("{FAE04EC0-301F-11D3-BF4B-00C04F79EFBC}") = "CrossNtErp.UWP", "CrossNtErp\CrossNtErp.UWP\CrossNtErp.UWP.csproj", "{EB6F4442-45E0-4692-A67C-9873D1A79264}"
EndProject
Project("{FAE04EC0-301F-11D3-BF4B-00C04F79EFBC}") = "CrossNtErp.Windows", "CrossNtErp\CrossNtErp.Windows\CrossNtErp.Windows.csproj", "{113238D2-73E5-42AD-8015-DE57886EA45D}"
EndProject
Project("{FAE04EC0-301F-11D3-BF4B-00C04F79EFBC}") = "CrossNtErp", "CrossNtErp\CrossNtErp\CrossNtErp.csproj", "{C50857D3-27E0-43F7-B72C-C10EE7B016C1}"
EndProject
Project("{FAE04EC0-301F-11D3-BF4B-00C04F79EFBC}") = "CrossNtErp.Web", "CrossNtErp.Web\CrossNtErp.Web.csproj", "{F520D24B-DAE7-4FD9-BE41-012321A42E49}"
EndProject
Project("{FAE04EC0-301F-11D3-BF4B-00C04F79EFBC}") = "CrossNtErp.Shared.Entities", "CrossNtErp.Shared.Entities\CrossNtErp.Shared.Entities.csproj", "{AF0541B0-50EB-4DFA-9DC5-BDD1E29D0020}"
EndProject
Project("{FAE04EC0-301F-11D3-BF4B-00C04F79EFBC}") = "CrossNtErp.DataAccess", "CrossNtErp.DataAccess\CrossNtErp.DataAccess.csproj", "{5BC0A8B6-0FB1-466F-8D11-79D0F2A0807C}"
EndProject
Project("{FAE04EC0-301F-11D3-BF4B-00C04F79EFBC}") = "CrossNtErp.Web.Resources", "CrossNtErp.Web.Resources\CrossNtErp.Web.Resources.csproj", "{66E810EC-E79D-4A81-8CD3-B10DE235B639}"
EndProject
Project("{2150E333-8FDC-42A3-9474-1A3956D46DE8}") = "Platforms", "Platforms", "{52C87938-8D0C-49F0-9FB4-5CF4EE129AFC}"
EndProject
Project("{2150E333-8FDC-42A3-9474-1A3956D46DE8}") = "Platform Shell", "Platform Shell", "{DC184DAC-2403-4049-B16B-829823DCD31E}"
EndProject
Project("{2150E333-8FDC-42A3-9474-1A3956D46DE8}") = "Resources", "Resources", "{67BA5C7D-4D83-4221-8D8B-7709BE713E67}"
EndProject
Project("{2150E333-8FDC-42A3-9474-1A3956D46DE8}") = "Test", "Test", "{9A8706BA-E825-442D-8A68-5468A5B7B0FF}"
EndProject
Project("{FAE04EC0-301F-11D3-BF4B-00C04F79EFBC}") = "CrossNtErp.Web.Test", "CrossNtErp.Web.Test\CrossNtErp.Web.Test.csproj", "{C8C5FC07-E9A1-4E5F-9043-853013B860D4}"
EndProject
Global
	GlobalSection(SolutionConfigurationPlatforms) = preSolution
		Ad-Hoc|Any CPU = Ad-Hoc|Any CPU
		Ad-Hoc|ARM = Ad-Hoc|ARM
		Ad-Hoc|iPhone = Ad-Hoc|iPhone
		Ad-Hoc|iPhoneSimulator = Ad-Hoc|iPhoneSimulator
		Ad-Hoc|x64 = Ad-Hoc|x64
		Ad-Hoc|x86 = Ad-Hoc|x86
		AppStore|Any CPU = AppStore|Any CPU
		AppStore|ARM = AppStore|ARM
		AppStore|iPhone = AppStore|iPhone
		AppStore|iPhoneSimulator = AppStore|iPhoneSimulator
		AppStore|x64 = AppStore|x64
		AppStore|x86 = AppStore|x86
		Debug|Any CPU = Debug|Any CPU
		Debug|ARM = Debug|ARM
		Debug|iPhone = Debug|iPhone
		Debug|iPhoneSimulator = Debug|iPhoneSimulator
		Debug|x64 = Debug|x64
		Debug|x86 = Debug|x86
		Release|Any CPU = Release|Any CPU
		Release|ARM = Release|ARM
		Release|iPhone = Release|iPhone
		Release|iPhoneSimulator = Release|iPhoneSimulator
		Release|x64 = Release|x64
		Release|x86 = Release|x86
	EndGlobalSection
	GlobalSection(ProjectConfigurationPlatforms) = postSolution
		{D9B6B95A-E5C6-479F-B6AE-F9BE7B7B0DA4}.Ad-Hoc|Any CPU.ActiveCfg = Release|Any CPU
		{D9B6B95A-E5C6-479F-B6AE-F9BE7B7B0DA4}.Ad-Hoc|Any CPU.Build.0 = Release|Any CPU
		{D9B6B95A-E5C6-479F-B6AE-F9BE7B7B0DA4}.Ad-Hoc|Any CPU.Deploy.0 = Release|Any CPU
		{D9B6B95A-E5C6-479F-B6AE-F9BE7B7B0DA4}.Ad-Hoc|ARM.ActiveCfg = Release|Any CPU
		{D9B6B95A-E5C6-479F-B6AE-F9BE7B7B0DA4}.Ad-Hoc|ARM.Build.0 = Release|Any CPU
		{D9B6B95A-E5C6-479F-B6AE-F9BE7B7B0DA4}.Ad-Hoc|ARM.Deploy.0 = Release|Any CPU
		{D9B6B95A-E5C6-479F-B6AE-F9BE7B7B0DA4}.Ad-Hoc|iPhone.ActiveCfg = Release|Any CPU
		{D9B6B95A-E5C6-479F-B6AE-F9BE7B7B0DA4}.Ad-Hoc|iPhone.Build.0 = Release|Any CPU
		{D9B6B95A-E5C6-479F-B6AE-F9BE7B7B0DA4}.Ad-Hoc|iPhone.Deploy.0 = Release|Any CPU
		{D9B6B95A-E5C6-479F-B6AE-F9BE7B7B0DA4}.Ad-Hoc|iPhoneSimulator.ActiveCfg = Release|Any CPU
		{D9B6B95A-E5C6-479F-B6AE-F9BE7B7B0DA4}.Ad-Hoc|iPhoneSimulator.Build.0 = Release|Any CPU
		{D9B6B95A-E5C6-479F-B6AE-F9BE7B7B0DA4}.Ad-Hoc|iPhoneSimulator.Deploy.0 = Release|Any CPU
		{D9B6B95A-E5C6-479F-B6AE-F9BE7B7B0DA4}.Ad-Hoc|x64.ActiveCfg = Release|Any CPU
		{D9B6B95A-E5C6-479F-B6AE-F9BE7B7B0DA4}.Ad-Hoc|x64.Build.0 = Release|Any CPU
		{D9B6B95A-E5C6-479F-B6AE-F9BE7B7B0DA4}.Ad-Hoc|x64.Deploy.0 = Release|Any CPU
		{D9B6B95A-E5C6-479F-B6AE-F9BE7B7B0DA4}.Ad-Hoc|x86.ActiveCfg = Release|Any CPU
		{D9B6B95A-E5C6-479F-B6AE-F9BE7B7B0DA4}.Ad-Hoc|x86.Build.0 = Release|Any CPU
		{D9B6B95A-E5C6-479F-B6AE-F9BE7B7B0DA4}.Ad-Hoc|x86.Deploy.0 = Release|Any CPU
		{D9B6B95A-E5C6-479F-B6AE-F9BE7B7B0DA4}.AppStore|Any CPU.ActiveCfg = Release|Any CPU
		{D9B6B95A-E5C6-479F-B6AE-F9BE7B7B0DA4}.AppStore|Any CPU.Build.0 = Release|Any CPU
		{D9B6B95A-E5C6-479F-B6AE-F9BE7B7B0DA4}.AppStore|Any CPU.Deploy.0 = Release|Any CPU
		{D9B6B95A-E5C6-479F-B6AE-F9BE7B7B0DA4}.AppStore|ARM.ActiveCfg = Release|Any CPU
		{D9B6B95A-E5C6-479F-B6AE-F9BE7B7B0DA4}.AppStore|ARM.Build.0 = Release|Any CPU
		{D9B6B95A-E5C6-479F-B6AE-F9BE7B7B0DA4}.AppStore|ARM.Deploy.0 = Release|Any CPU
		{D9B6B95A-E5C6-479F-B6AE-F9BE7B7B0DA4}.AppStore|iPhone.ActiveCfg = Release|Any CPU
		{D9B6B95A-E5C6-479F-B6AE-F9BE7B7B0DA4}.AppStore|iPhone.Build.0 = Release|Any CPU
		{D9B6B95A-E5C6-479F-B6AE-F9BE7B7B0DA4}.AppStore|iPhone.Deploy.0 = Release|Any CPU
		{D9B6B95A-E5C6-479F-B6AE-F9BE7B7B0DA4}.AppStore|iPhoneSimulator.ActiveCfg = Release|Any CPU
		{D9B6B95A-E5C6-479F-B6AE-F9BE7B7B0DA4}.AppStore|iPhoneSimulator.Build.0 = Release|Any CPU
		{D9B6B95A-E5C6-479F-B6AE-F9BE7B7B0DA4}.AppStore|iPhoneSimulator.Deploy.0 = Release|Any CPU
		{D9B6B95A-E5C6-479F-B6AE-F9BE7B7B0DA4}.AppStore|x64.ActiveCfg = Release|Any CPU
		{D9B6B95A-E5C6-479F-B6AE-F9BE7B7B0DA4}.AppStore|x64.Build.0 = Release|Any CPU
		{D9B6B95A-E5C6-479F-B6AE-F9BE7B7B0DA4}.AppStore|x64.Deploy.0 = Release|Any CPU
		{D9B6B95A-E5C6-479F-B6AE-F9BE7B7B0DA4}.AppStore|x86.ActiveCfg = Release|Any CPU
		{D9B6B95A-E5C6-479F-B6AE-F9BE7B7B0DA4}.AppStore|x86.Build.0 = Release|Any CPU
		{D9B6B95A-E5C6-479F-B6AE-F9BE7B7B0DA4}.AppStore|x86.Deploy.0 = Release|Any CPU
		{D9B6B95A-E5C6-479F-B6AE-F9BE7B7B0DA4}.Debug|Any CPU.ActiveCfg = Debug|Any CPU
		{D9B6B95A-E5C6-479F-B6AE-F9BE7B7B0DA4}.Debug|Any CPU.Build.0 = Debug|Any CPU
		{D9B6B95A-E5C6-479F-B6AE-F9BE7B7B0DA4}.Debug|Any CPU.Deploy.0 = Debug|Any CPU
		{D9B6B95A-E5C6-479F-B6AE-F9BE7B7B0DA4}.Debug|ARM.ActiveCfg = Debug|Any CPU
		{D9B6B95A-E5C6-479F-B6AE-F9BE7B7B0DA4}.Debug|ARM.Build.0 = Debug|Any CPU
		{D9B6B95A-E5C6-479F-B6AE-F9BE7B7B0DA4}.Debug|ARM.Deploy.0 = Debug|Any CPU
		{D9B6B95A-E5C6-479F-B6AE-F9BE7B7B0DA4}.Debug|iPhone.ActiveCfg = Debug|Any CPU
		{D9B6B95A-E5C6-479F-B6AE-F9BE7B7B0DA4}.Debug|iPhone.Build.0 = Debug|Any CPU
		{D9B6B95A-E5C6-479F-B6AE-F9BE7B7B0DA4}.Debug|iPhone.Deploy.0 = Debug|Any CPU
		{D9B6B95A-E5C6-479F-B6AE-F9BE7B7B0DA4}.Debug|iPhoneSimulator.ActiveCfg = Debug|Any CPU
		{D9B6B95A-E5C6-479F-B6AE-F9BE7B7B0DA4}.Debug|iPhoneSimulator.Build.0 = Debug|Any CPU
		{D9B6B95A-E5C6-479F-B6AE-F9BE7B7B0DA4}.Debug|iPhoneSimulator.Deploy.0 = Debug|Any CPU
		{D9B6B95A-E5C6-479F-B6AE-F9BE7B7B0DA4}.Debug|x64.ActiveCfg = Debug|Any CPU
		{D9B6B95A-E5C6-479F-B6AE-F9BE7B7B0DA4}.Debug|x64.Build.0 = Debug|Any CPU
		{D9B6B95A-E5C6-479F-B6AE-F9BE7B7B0DA4}.Debug|x64.Deploy.0 = Debug|Any CPU
		{D9B6B95A-E5C6-479F-B6AE-F9BE7B7B0DA4}.Debug|x86.ActiveCfg = Debug|Any CPU
		{D9B6B95A-E5C6-479F-B6AE-F9BE7B7B0DA4}.Debug|x86.Build.0 = Debug|Any CPU
		{D9B6B95A-E5C6-479F-B6AE-F9BE7B7B0DA4}.Debug|x86.Deploy.0 = Debug|Any CPU
		{D9B6B95A-E5C6-479F-B6AE-F9BE7B7B0DA4}.Release|Any CPU.ActiveCfg = Release|Any CPU
		{D9B6B95A-E5C6-479F-B6AE-F9BE7B7B0DA4}.Release|Any CPU.Build.0 = Release|Any CPU
		{D9B6B95A-E5C6-479F-B6AE-F9BE7B7B0DA4}.Release|Any CPU.Deploy.0 = Release|Any CPU
		{D9B6B95A-E5C6-479F-B6AE-F9BE7B7B0DA4}.Release|ARM.ActiveCfg = Release|Any CPU
		{D9B6B95A-E5C6-479F-B6AE-F9BE7B7B0DA4}.Release|ARM.Build.0 = Release|Any CPU
		{D9B6B95A-E5C6-479F-B6AE-F9BE7B7B0DA4}.Release|ARM.Deploy.0 = Release|Any CPU
		{D9B6B95A-E5C6-479F-B6AE-F9BE7B7B0DA4}.Release|iPhone.ActiveCfg = Release|Any CPU
		{D9B6B95A-E5C6-479F-B6AE-F9BE7B7B0DA4}.Release|iPhone.Build.0 = Release|Any CPU
		{D9B6B95A-E5C6-479F-B6AE-F9BE7B7B0DA4}.Release|iPhone.Deploy.0 = Release|Any CPU
		{D9B6B95A-E5C6-479F-B6AE-F9BE7B7B0DA4}.Release|iPhoneSimulator.ActiveCfg = Release|Any CPU
		{D9B6B95A-E5C6-479F-B6AE-F9BE7B7B0DA4}.Release|iPhoneSimulator.Build.0 = Release|Any CPU
		{D9B6B95A-E5C6-479F-B6AE-F9BE7B7B0DA4}.Release|iPhoneSimulator.Deploy.0 = Release|Any CPU
		{D9B6B95A-E5C6-479F-B6AE-F9BE7B7B0DA4}.Release|x64.ActiveCfg = Release|Any CPU
		{D9B6B95A-E5C6-479F-B6AE-F9BE7B7B0DA4}.Release|x64.Build.0 = Release|Any CPU
		{D9B6B95A-E5C6-479F-B6AE-F9BE7B7B0DA4}.Release|x64.Deploy.0 = Release|Any CPU
		{D9B6B95A-E5C6-479F-B6AE-F9BE7B7B0DA4}.Release|x86.ActiveCfg = Release|Any CPU
		{D9B6B95A-E5C6-479F-B6AE-F9BE7B7B0DA4}.Release|x86.Build.0 = Release|Any CPU
		{D9B6B95A-E5C6-479F-B6AE-F9BE7B7B0DA4}.Release|x86.Deploy.0 = Release|Any CPU
		{5071D295-D20B-406A-8AAB-49374B35F1DB}.Ad-Hoc|Any CPU.ActiveCfg = Ad-Hoc|iPhone
		{5071D295-D20B-406A-8AAB-49374B35F1DB}.Ad-Hoc|ARM.ActiveCfg = Ad-Hoc|iPhone
		{5071D295-D20B-406A-8AAB-49374B35F1DB}.Ad-Hoc|iPhone.ActiveCfg = Ad-Hoc|iPhone
		{5071D295-D20B-406A-8AAB-49374B35F1DB}.Ad-Hoc|iPhone.Build.0 = Ad-Hoc|iPhone
		{5071D295-D20B-406A-8AAB-49374B35F1DB}.Ad-Hoc|iPhoneSimulator.ActiveCfg = Ad-Hoc|iPhoneSimulator
		{5071D295-D20B-406A-8AAB-49374B35F1DB}.Ad-Hoc|iPhoneSimulator.Build.0 = Ad-Hoc|iPhoneSimulator
		{5071D295-D20B-406A-8AAB-49374B35F1DB}.Ad-Hoc|x64.ActiveCfg = Ad-Hoc|iPhone
		{5071D295-D20B-406A-8AAB-49374B35F1DB}.Ad-Hoc|x86.ActiveCfg = Ad-Hoc|iPhone
		{5071D295-D20B-406A-8AAB-49374B35F1DB}.AppStore|Any CPU.ActiveCfg = AppStore|iPhone
		{5071D295-D20B-406A-8AAB-49374B35F1DB}.AppStore|ARM.ActiveCfg = AppStore|iPhone
		{5071D295-D20B-406A-8AAB-49374B35F1DB}.AppStore|iPhone.ActiveCfg = AppStore|iPhone
		{5071D295-D20B-406A-8AAB-49374B35F1DB}.AppStore|iPhone.Build.0 = AppStore|iPhone
		{5071D295-D20B-406A-8AAB-49374B35F1DB}.AppStore|iPhoneSimulator.ActiveCfg = AppStore|iPhoneSimulator
		{5071D295-D20B-406A-8AAB-49374B35F1DB}.AppStore|iPhoneSimulator.Build.0 = AppStore|iPhoneSimulator
		{5071D295-D20B-406A-8AAB-49374B35F1DB}.AppStore|x64.ActiveCfg = AppStore|iPhone
		{5071D295-D20B-406A-8AAB-49374B35F1DB}.AppStore|x86.ActiveCfg = AppStore|iPhone
		{5071D295-D20B-406A-8AAB-49374B35F1DB}.Debug|Any CPU.ActiveCfg = Debug|iPhone
		{5071D295-D20B-406A-8AAB-49374B35F1DB}.Debug|ARM.ActiveCfg = Debug|iPhone
		{5071D295-D20B-406A-8AAB-49374B35F1DB}.Debug|iPhone.ActiveCfg = Debug|iPhone
		{5071D295-D20B-406A-8AAB-49374B35F1DB}.Debug|iPhone.Build.0 = Debug|iPhone
		{5071D295-D20B-406A-8AAB-49374B35F1DB}.Debug|iPhoneSimulator.ActiveCfg = Debug|iPhoneSimulator
		{5071D295-D20B-406A-8AAB-49374B35F1DB}.Debug|iPhoneSimulator.Build.0 = Debug|iPhoneSimulator
		{5071D295-D20B-406A-8AAB-49374B35F1DB}.Debug|x64.ActiveCfg = Debug|iPhone
		{5071D295-D20B-406A-8AAB-49374B35F1DB}.Debug|x86.ActiveCfg = Debug|iPhone
		{5071D295-D20B-406A-8AAB-49374B35F1DB}.Release|Any CPU.ActiveCfg = Release|iPhone
		{5071D295-D20B-406A-8AAB-49374B35F1DB}.Release|ARM.ActiveCfg = Release|iPhone
		{5071D295-D20B-406A-8AAB-49374B35F1DB}.Release|iPhone.ActiveCfg = Release|iPhone
		{5071D295-D20B-406A-8AAB-49374B35F1DB}.Release|iPhone.Build.0 = Release|iPhone
		{5071D295-D20B-406A-8AAB-49374B35F1DB}.Release|iPhoneSimulator.ActiveCfg = Release|iPhoneSimulator
		{5071D295-D20B-406A-8AAB-49374B35F1DB}.Release|iPhoneSimulator.Build.0 = Release|iPhoneSimulator
		{5071D295-D20B-406A-8AAB-49374B35F1DB}.Release|x64.ActiveCfg = Release|iPhone
		{5071D295-D20B-406A-8AAB-49374B35F1DB}.Release|x86.ActiveCfg = Release|iPhone
		{3159EB6A-EA7A-45C2-8F24-7B84EE36C5B9}.Ad-Hoc|Any CPU.ActiveCfg = Release|Any CPU
		{3159EB6A-EA7A-45C2-8F24-7B84EE36C5B9}.Ad-Hoc|Any CPU.Build.0 = Release|Any CPU
		{3159EB6A-EA7A-45C2-8F24-7B84EE36C5B9}.Ad-Hoc|Any CPU.Deploy.0 = Release|Any CPU
		{3159EB6A-EA7A-45C2-8F24-7B84EE36C5B9}.Ad-Hoc|ARM.ActiveCfg = Release|ARM
		{3159EB6A-EA7A-45C2-8F24-7B84EE36C5B9}.Ad-Hoc|ARM.Build.0 = Release|ARM
		{3159EB6A-EA7A-45C2-8F24-7B84EE36C5B9}.Ad-Hoc|ARM.Deploy.0 = Release|ARM
		{3159EB6A-EA7A-45C2-8F24-7B84EE36C5B9}.Ad-Hoc|iPhone.ActiveCfg = Release|Any CPU
		{3159EB6A-EA7A-45C2-8F24-7B84EE36C5B9}.Ad-Hoc|iPhone.Build.0 = Release|Any CPU
		{3159EB6A-EA7A-45C2-8F24-7B84EE36C5B9}.Ad-Hoc|iPhone.Deploy.0 = Release|Any CPU
		{3159EB6A-EA7A-45C2-8F24-7B84EE36C5B9}.Ad-Hoc|iPhoneSimulator.ActiveCfg = Release|Any CPU
		{3159EB6A-EA7A-45C2-8F24-7B84EE36C5B9}.Ad-Hoc|iPhoneSimulator.Build.0 = Release|Any CPU
		{3159EB6A-EA7A-45C2-8F24-7B84EE36C5B9}.Ad-Hoc|iPhoneSimulator.Deploy.0 = Release|Any CPU
		{3159EB6A-EA7A-45C2-8F24-7B84EE36C5B9}.Ad-Hoc|x64.ActiveCfg = Release|Any CPU
		{3159EB6A-EA7A-45C2-8F24-7B84EE36C5B9}.Ad-Hoc|x64.Build.0 = Release|Any CPU
		{3159EB6A-EA7A-45C2-8F24-7B84EE36C5B9}.Ad-Hoc|x64.Deploy.0 = Release|Any CPU
		{3159EB6A-EA7A-45C2-8F24-7B84EE36C5B9}.Ad-Hoc|x86.ActiveCfg = Release|x86
		{3159EB6A-EA7A-45C2-8F24-7B84EE36C5B9}.Ad-Hoc|x86.Build.0 = Release|x86
		{3159EB6A-EA7A-45C2-8F24-7B84EE36C5B9}.Ad-Hoc|x86.Deploy.0 = Release|x86
		{3159EB6A-EA7A-45C2-8F24-7B84EE36C5B9}.AppStore|Any CPU.ActiveCfg = Release|Any CPU
		{3159EB6A-EA7A-45C2-8F24-7B84EE36C5B9}.AppStore|Any CPU.Build.0 = Release|Any CPU
		{3159EB6A-EA7A-45C2-8F24-7B84EE36C5B9}.AppStore|Any CPU.Deploy.0 = Release|Any CPU
		{3159EB6A-EA7A-45C2-8F24-7B84EE36C5B9}.AppStore|ARM.ActiveCfg = Release|ARM
		{3159EB6A-EA7A-45C2-8F24-7B84EE36C5B9}.AppStore|ARM.Build.0 = Release|ARM
		{3159EB6A-EA7A-45C2-8F24-7B84EE36C5B9}.AppStore|ARM.Deploy.0 = Release|ARM
		{3159EB6A-EA7A-45C2-8F24-7B84EE36C5B9}.AppStore|iPhone.ActiveCfg = Release|Any CPU
		{3159EB6A-EA7A-45C2-8F24-7B84EE36C5B9}.AppStore|iPhone.Build.0 = Release|Any CPU
		{3159EB6A-EA7A-45C2-8F24-7B84EE36C5B9}.AppStore|iPhone.Deploy.0 = Release|Any CPU
		{3159EB6A-EA7A-45C2-8F24-7B84EE36C5B9}.AppStore|iPhoneSimulator.ActiveCfg = Release|Any CPU
		{3159EB6A-EA7A-45C2-8F24-7B84EE36C5B9}.AppStore|iPhoneSimulator.Build.0 = Release|Any CPU
		{3159EB6A-EA7A-45C2-8F24-7B84EE36C5B9}.AppStore|iPhoneSimulator.Deploy.0 = Release|Any CPU
		{3159EB6A-EA7A-45C2-8F24-7B84EE36C5B9}.AppStore|x64.ActiveCfg = Release|Any CPU
		{3159EB6A-EA7A-45C2-8F24-7B84EE36C5B9}.AppStore|x64.Build.0 = Release|Any CPU
		{3159EB6A-EA7A-45C2-8F24-7B84EE36C5B9}.AppStore|x64.Deploy.0 = Release|Any CPU
		{3159EB6A-EA7A-45C2-8F24-7B84EE36C5B9}.AppStore|x86.ActiveCfg = Release|x86
		{3159EB6A-EA7A-45C2-8F24-7B84EE36C5B9}.AppStore|x86.Build.0 = Release|x86
		{3159EB6A-EA7A-45C2-8F24-7B84EE36C5B9}.AppStore|x86.Deploy.0 = Release|x86
		{3159EB6A-EA7A-45C2-8F24-7B84EE36C5B9}.Debug|Any CPU.ActiveCfg = Debug|Any CPU
		{3159EB6A-EA7A-45C2-8F24-7B84EE36C5B9}.Debug|Any CPU.Build.0 = Debug|Any CPU
		{3159EB6A-EA7A-45C2-8F24-7B84EE36C5B9}.Debug|Any CPU.Deploy.0 = Debug|Any CPU
		{3159EB6A-EA7A-45C2-8F24-7B84EE36C5B9}.Debug|ARM.ActiveCfg = Debug|ARM
		{3159EB6A-EA7A-45C2-8F24-7B84EE36C5B9}.Debug|ARM.Build.0 = Debug|ARM
		{3159EB6A-EA7A-45C2-8F24-7B84EE36C5B9}.Debug|ARM.Deploy.0 = Debug|ARM
		{3159EB6A-EA7A-45C2-8F24-7B84EE36C5B9}.Debug|iPhone.ActiveCfg = Debug|Any CPU
		{3159EB6A-EA7A-45C2-8F24-7B84EE36C5B9}.Debug|iPhone.Build.0 = Debug|Any CPU
		{3159EB6A-EA7A-45C2-8F24-7B84EE36C5B9}.Debug|iPhone.Deploy.0 = Debug|Any CPU
		{3159EB6A-EA7A-45C2-8F24-7B84EE36C5B9}.Debug|iPhoneSimulator.ActiveCfg = Debug|Any CPU
		{3159EB6A-EA7A-45C2-8F24-7B84EE36C5B9}.Debug|iPhoneSimulator.Build.0 = Debug|Any CPU
		{3159EB6A-EA7A-45C2-8F24-7B84EE36C5B9}.Debug|iPhoneSimulator.Deploy.0 = Debug|Any CPU
		{3159EB6A-EA7A-45C2-8F24-7B84EE36C5B9}.Debug|x64.ActiveCfg = Debug|Any CPU
		{3159EB6A-EA7A-45C2-8F24-7B84EE36C5B9}.Debug|x64.Build.0 = Debug|Any CPU
		{3159EB6A-EA7A-45C2-8F24-7B84EE36C5B9}.Debug|x64.Deploy.0 = Debug|Any CPU
		{3159EB6A-EA7A-45C2-8F24-7B84EE36C5B9}.Debug|x86.ActiveCfg = Debug|x86
		{3159EB6A-EA7A-45C2-8F24-7B84EE36C5B9}.Debug|x86.Build.0 = Debug|x86
		{3159EB6A-EA7A-45C2-8F24-7B84EE36C5B9}.Debug|x86.Deploy.0 = Debug|x86
		{3159EB6A-EA7A-45C2-8F24-7B84EE36C5B9}.Release|Any CPU.ActiveCfg = Release|Any CPU
		{3159EB6A-EA7A-45C2-8F24-7B84EE36C5B9}.Release|Any CPU.Build.0 = Release|Any CPU
		{3159EB6A-EA7A-45C2-8F24-7B84EE36C5B9}.Release|Any CPU.Deploy.0 = Release|Any CPU
		{3159EB6A-EA7A-45C2-8F24-7B84EE36C5B9}.Release|ARM.ActiveCfg = Release|ARM
		{3159EB6A-EA7A-45C2-8F24-7B84EE36C5B9}.Release|ARM.Build.0 = Release|ARM
		{3159EB6A-EA7A-45C2-8F24-7B84EE36C5B9}.Release|ARM.Deploy.0 = Release|ARM
		{3159EB6A-EA7A-45C2-8F24-7B84EE36C5B9}.Release|iPhone.ActiveCfg = Release|Any CPU
		{3159EB6A-EA7A-45C2-8F24-7B84EE36C5B9}.Release|iPhone.Build.0 = Release|Any CPU
		{3159EB6A-EA7A-45C2-8F24-7B84EE36C5B9}.Release|iPhone.Deploy.0 = Release|Any CPU
		{3159EB6A-EA7A-45C2-8F24-7B84EE36C5B9}.Release|iPhoneSimulator.ActiveCfg = Release|Any CPU
		{3159EB6A-EA7A-45C2-8F24-7B84EE36C5B9}.Release|iPhoneSimulator.Build.0 = Release|Any CPU
		{3159EB6A-EA7A-45C2-8F24-7B84EE36C5B9}.Release|iPhoneSimulator.Deploy.0 = Release|Any CPU
		{3159EB6A-EA7A-45C2-8F24-7B84EE36C5B9}.Release|x64.ActiveCfg = Release|Any CPU
		{3159EB6A-EA7A-45C2-8F24-7B84EE36C5B9}.Release|x64.Build.0 = Release|Any CPU
		{3159EB6A-EA7A-45C2-8F24-7B84EE36C5B9}.Release|x64.Deploy.0 = Release|Any CPU
		{3159EB6A-EA7A-45C2-8F24-7B84EE36C5B9}.Release|x86.ActiveCfg = Release|x86
		{3159EB6A-EA7A-45C2-8F24-7B84EE36C5B9}.Release|x86.Build.0 = Release|x86
		{3159EB6A-EA7A-45C2-8F24-7B84EE36C5B9}.Release|x86.Deploy.0 = Release|x86
		{EB6F4442-45E0-4692-A67C-9873D1A79264}.Ad-Hoc|Any CPU.ActiveCfg = Release|x86
		{EB6F4442-45E0-4692-A67C-9873D1A79264}.Ad-Hoc|Any CPU.Build.0 = Release|x86
		{EB6F4442-45E0-4692-A67C-9873D1A79264}.Ad-Hoc|Any CPU.Deploy.0 = Release|x86
		{EB6F4442-45E0-4692-A67C-9873D1A79264}.Ad-Hoc|ARM.ActiveCfg = Release|ARM
		{EB6F4442-45E0-4692-A67C-9873D1A79264}.Ad-Hoc|ARM.Build.0 = Release|ARM
		{EB6F4442-45E0-4692-A67C-9873D1A79264}.Ad-Hoc|ARM.Deploy.0 = Release|ARM
		{EB6F4442-45E0-4692-A67C-9873D1A79264}.Ad-Hoc|iPhone.ActiveCfg = Release|x86
		{EB6F4442-45E0-4692-A67C-9873D1A79264}.Ad-Hoc|iPhone.Build.0 = Release|x86
		{EB6F4442-45E0-4692-A67C-9873D1A79264}.Ad-Hoc|iPhone.Deploy.0 = Release|x86
		{EB6F4442-45E0-4692-A67C-9873D1A79264}.Ad-Hoc|iPhoneSimulator.ActiveCfg = Release|x86
		{EB6F4442-45E0-4692-A67C-9873D1A79264}.Ad-Hoc|iPhoneSimulator.Build.0 = Release|x86
		{EB6F4442-45E0-4692-A67C-9873D1A79264}.Ad-Hoc|iPhoneSimulator.Deploy.0 = Release|x86
		{EB6F4442-45E0-4692-A67C-9873D1A79264}.Ad-Hoc|x64.ActiveCfg = Release|x64
		{EB6F4442-45E0-4692-A67C-9873D1A79264}.Ad-Hoc|x64.Build.0 = Release|x64
		{EB6F4442-45E0-4692-A67C-9873D1A79264}.Ad-Hoc|x64.Deploy.0 = Release|x64
		{EB6F4442-45E0-4692-A67C-9873D1A79264}.Ad-Hoc|x86.ActiveCfg = Release|x86
		{EB6F4442-45E0-4692-A67C-9873D1A79264}.Ad-Hoc|x86.Build.0 = Release|x86
		{EB6F4442-45E0-4692-A67C-9873D1A79264}.Ad-Hoc|x86.Deploy.0 = Release|x86
		{EB6F4442-45E0-4692-A67C-9873D1A79264}.AppStore|Any CPU.ActiveCfg = Release|x86
		{EB6F4442-45E0-4692-A67C-9873D1A79264}.AppStore|Any CPU.Build.0 = Release|x86
		{EB6F4442-45E0-4692-A67C-9873D1A79264}.AppStore|Any CPU.Deploy.0 = Release|x86
		{EB6F4442-45E0-4692-A67C-9873D1A79264}.AppStore|ARM.ActiveCfg = Release|ARM
		{EB6F4442-45E0-4692-A67C-9873D1A79264}.AppStore|ARM.Build.0 = Release|ARM
		{EB6F4442-45E0-4692-A67C-9873D1A79264}.AppStore|ARM.Deploy.0 = Release|ARM
		{EB6F4442-45E0-4692-A67C-9873D1A79264}.AppStore|iPhone.ActiveCfg = Release|x86
		{EB6F4442-45E0-4692-A67C-9873D1A79264}.AppStore|iPhone.Build.0 = Release|x86
		{EB6F4442-45E0-4692-A67C-9873D1A79264}.AppStore|iPhone.Deploy.0 = Release|x86
		{EB6F4442-45E0-4692-A67C-9873D1A79264}.AppStore|iPhoneSimulator.ActiveCfg = Release|x86
		{EB6F4442-45E0-4692-A67C-9873D1A79264}.AppStore|iPhoneSimulator.Build.0 = Release|x86
		{EB6F4442-45E0-4692-A67C-9873D1A79264}.AppStore|iPhoneSimulator.Deploy.0 = Release|x86
		{EB6F4442-45E0-4692-A67C-9873D1A79264}.AppStore|x64.ActiveCfg = Release|x64
		{EB6F4442-45E0-4692-A67C-9873D1A79264}.AppStore|x64.Build.0 = Release|x64
		{EB6F4442-45E0-4692-A67C-9873D1A79264}.AppStore|x64.Deploy.0 = Release|x64
		{EB6F4442-45E0-4692-A67C-9873D1A79264}.AppStore|x86.ActiveCfg = Release|x86
		{EB6F4442-45E0-4692-A67C-9873D1A79264}.AppStore|x86.Build.0 = Release|x86
		{EB6F4442-45E0-4692-A67C-9873D1A79264}.AppStore|x86.Deploy.0 = Release|x86
		{EB6F4442-45E0-4692-A67C-9873D1A79264}.Debug|Any CPU.ActiveCfg = Debug|x86
		{EB6F4442-45E0-4692-A67C-9873D1A79264}.Debug|ARM.ActiveCfg = Debug|ARM
		{EB6F4442-45E0-4692-A67C-9873D1A79264}.Debug|ARM.Build.0 = Debug|ARM
		{EB6F4442-45E0-4692-A67C-9873D1A79264}.Debug|ARM.Deploy.0 = Debug|ARM
		{EB6F4442-45E0-4692-A67C-9873D1A79264}.Debug|iPhone.ActiveCfg = Debug|x86
		{EB6F4442-45E0-4692-A67C-9873D1A79264}.Debug|iPhoneSimulator.ActiveCfg = Debug|x86
		{EB6F4442-45E0-4692-A67C-9873D1A79264}.Debug|x64.ActiveCfg = Debug|x64
		{EB6F4442-45E0-4692-A67C-9873D1A79264}.Debug|x64.Build.0 = Debug|x64
		{EB6F4442-45E0-4692-A67C-9873D1A79264}.Debug|x64.Deploy.0 = Debug|x64
		{EB6F4442-45E0-4692-A67C-9873D1A79264}.Debug|x86.ActiveCfg = Debug|x86
		{EB6F4442-45E0-4692-A67C-9873D1A79264}.Debug|x86.Build.0 = Debug|x86
		{EB6F4442-45E0-4692-A67C-9873D1A79264}.Debug|x86.Deploy.0 = Debug|x86
		{EB6F4442-45E0-4692-A67C-9873D1A79264}.Release|Any CPU.ActiveCfg = Release|x86
		{EB6F4442-45E0-4692-A67C-9873D1A79264}.Release|ARM.ActiveCfg = Release|ARM
		{EB6F4442-45E0-4692-A67C-9873D1A79264}.Release|ARM.Build.0 = Release|ARM
		{EB6F4442-45E0-4692-A67C-9873D1A79264}.Release|ARM.Deploy.0 = Release|ARM
		{EB6F4442-45E0-4692-A67C-9873D1A79264}.Release|iPhone.ActiveCfg = Release|x86
		{EB6F4442-45E0-4692-A67C-9873D1A79264}.Release|iPhoneSimulator.ActiveCfg = Release|x86
		{EB6F4442-45E0-4692-A67C-9873D1A79264}.Release|x64.ActiveCfg = Release|x64
		{EB6F4442-45E0-4692-A67C-9873D1A79264}.Release|x64.Build.0 = Release|x64
		{EB6F4442-45E0-4692-A67C-9873D1A79264}.Release|x64.Deploy.0 = Release|x64
		{EB6F4442-45E0-4692-A67C-9873D1A79264}.Release|x86.ActiveCfg = Release|x86
		{EB6F4442-45E0-4692-A67C-9873D1A79264}.Release|x86.Build.0 = Release|x86
		{EB6F4442-45E0-4692-A67C-9873D1A79264}.Release|x86.Deploy.0 = Release|x86
		{113238D2-73E5-42AD-8015-DE57886EA45D}.Ad-Hoc|Any CPU.ActiveCfg = Release|Any CPU
		{113238D2-73E5-42AD-8015-DE57886EA45D}.Ad-Hoc|Any CPU.Build.0 = Release|Any CPU
		{113238D2-73E5-42AD-8015-DE57886EA45D}.Ad-Hoc|Any CPU.Deploy.0 = Release|Any CPU
		{113238D2-73E5-42AD-8015-DE57886EA45D}.Ad-Hoc|ARM.ActiveCfg = Release|ARM
		{113238D2-73E5-42AD-8015-DE57886EA45D}.Ad-Hoc|ARM.Build.0 = Release|ARM
		{113238D2-73E5-42AD-8015-DE57886EA45D}.Ad-Hoc|ARM.Deploy.0 = Release|ARM
		{113238D2-73E5-42AD-8015-DE57886EA45D}.Ad-Hoc|iPhone.ActiveCfg = Release|Any CPU
		{113238D2-73E5-42AD-8015-DE57886EA45D}.Ad-Hoc|iPhone.Build.0 = Release|Any CPU
		{113238D2-73E5-42AD-8015-DE57886EA45D}.Ad-Hoc|iPhone.Deploy.0 = Release|Any CPU
		{113238D2-73E5-42AD-8015-DE57886EA45D}.Ad-Hoc|iPhoneSimulator.ActiveCfg = Release|Any CPU
		{113238D2-73E5-42AD-8015-DE57886EA45D}.Ad-Hoc|iPhoneSimulator.Build.0 = Release|Any CPU
		{113238D2-73E5-42AD-8015-DE57886EA45D}.Ad-Hoc|iPhoneSimulator.Deploy.0 = Release|Any CPU
		{113238D2-73E5-42AD-8015-DE57886EA45D}.Ad-Hoc|x64.ActiveCfg = Release|x64
		{113238D2-73E5-42AD-8015-DE57886EA45D}.Ad-Hoc|x64.Build.0 = Release|x64
		{113238D2-73E5-42AD-8015-DE57886EA45D}.Ad-Hoc|x64.Deploy.0 = Release|x64
		{113238D2-73E5-42AD-8015-DE57886EA45D}.Ad-Hoc|x86.ActiveCfg = Release|x86
		{113238D2-73E5-42AD-8015-DE57886EA45D}.Ad-Hoc|x86.Build.0 = Release|x86
		{113238D2-73E5-42AD-8015-DE57886EA45D}.Ad-Hoc|x86.Deploy.0 = Release|x86
		{113238D2-73E5-42AD-8015-DE57886EA45D}.AppStore|Any CPU.ActiveCfg = Release|Any CPU
		{113238D2-73E5-42AD-8015-DE57886EA45D}.AppStore|Any CPU.Build.0 = Release|Any CPU
		{113238D2-73E5-42AD-8015-DE57886EA45D}.AppStore|Any CPU.Deploy.0 = Release|Any CPU
		{113238D2-73E5-42AD-8015-DE57886EA45D}.AppStore|ARM.ActiveCfg = Release|ARM
		{113238D2-73E5-42AD-8015-DE57886EA45D}.AppStore|ARM.Build.0 = Release|ARM
		{113238D2-73E5-42AD-8015-DE57886EA45D}.AppStore|ARM.Deploy.0 = Release|ARM
		{113238D2-73E5-42AD-8015-DE57886EA45D}.AppStore|iPhone.ActiveCfg = Release|Any CPU
		{113238D2-73E5-42AD-8015-DE57886EA45D}.AppStore|iPhone.Build.0 = Release|Any CPU
		{113238D2-73E5-42AD-8015-DE57886EA45D}.AppStore|iPhone.Deploy.0 = Release|Any CPU
		{113238D2-73E5-42AD-8015-DE57886EA45D}.AppStore|iPhoneSimulator.ActiveCfg = Release|Any CPU
		{113238D2-73E5-42AD-8015-DE57886EA45D}.AppStore|iPhoneSimulator.Build.0 = Release|Any CPU
		{113238D2-73E5-42AD-8015-DE57886EA45D}.AppStore|iPhoneSimulator.Deploy.0 = Release|Any CPU
		{113238D2-73E5-42AD-8015-DE57886EA45D}.AppStore|x64.ActiveCfg = Release|x64
		{113238D2-73E5-42AD-8015-DE57886EA45D}.AppStore|x64.Build.0 = Release|x64
		{113238D2-73E5-42AD-8015-DE57886EA45D}.AppStore|x64.Deploy.0 = Release|x64
		{113238D2-73E5-42AD-8015-DE57886EA45D}.AppStore|x86.ActiveCfg = Release|x86
		{113238D2-73E5-42AD-8015-DE57886EA45D}.AppStore|x86.Build.0 = Release|x86
		{113238D2-73E5-42AD-8015-DE57886EA45D}.AppStore|x86.Deploy.0 = Release|x86
		{113238D2-73E5-42AD-8015-DE57886EA45D}.Debug|Any CPU.ActiveCfg = Debug|Any CPU
		{113238D2-73E5-42AD-8015-DE57886EA45D}.Debug|Any CPU.Build.0 = Debug|Any CPU
		{113238D2-73E5-42AD-8015-DE57886EA45D}.Debug|Any CPU.Deploy.0 = Debug|Any CPU
		{113238D2-73E5-42AD-8015-DE57886EA45D}.Debug|ARM.ActiveCfg = Debug|ARM
		{113238D2-73E5-42AD-8015-DE57886EA45D}.Debug|ARM.Build.0 = Debug|ARM
		{113238D2-73E5-42AD-8015-DE57886EA45D}.Debug|ARM.Deploy.0 = Debug|ARM
		{113238D2-73E5-42AD-8015-DE57886EA45D}.Debug|iPhone.ActiveCfg = Debug|Any CPU
		{113238D2-73E5-42AD-8015-DE57886EA45D}.Debug|iPhone.Build.0 = Debug|Any CPU
		{113238D2-73E5-42AD-8015-DE57886EA45D}.Debug|iPhone.Deploy.0 = Debug|Any CPU
		{113238D2-73E5-42AD-8015-DE57886EA45D}.Debug|iPhoneSimulator.ActiveCfg = Debug|Any CPU
		{113238D2-73E5-42AD-8015-DE57886EA45D}.Debug|iPhoneSimulator.Build.0 = Debug|Any CPU
		{113238D2-73E5-42AD-8015-DE57886EA45D}.Debug|iPhoneSimulator.Deploy.0 = Debug|Any CPU
		{113238D2-73E5-42AD-8015-DE57886EA45D}.Debug|x64.ActiveCfg = Debug|x64
		{113238D2-73E5-42AD-8015-DE57886EA45D}.Debug|x64.Build.0 = Debug|x64
		{113238D2-73E5-42AD-8015-DE57886EA45D}.Debug|x64.Deploy.0 = Debug|x64
		{113238D2-73E5-42AD-8015-DE57886EA45D}.Debug|x86.ActiveCfg = Debug|x86
		{113238D2-73E5-42AD-8015-DE57886EA45D}.Debug|x86.Build.0 = Debug|x86
		{113238D2-73E5-42AD-8015-DE57886EA45D}.Debug|x86.Deploy.0 = Debug|x86
		{113238D2-73E5-42AD-8015-DE57886EA45D}.Release|Any CPU.ActiveCfg = Release|Any CPU
		{113238D2-73E5-42AD-8015-DE57886EA45D}.Release|Any CPU.Build.0 = Release|Any CPU
		{113238D2-73E5-42AD-8015-DE57886EA45D}.Release|Any CPU.Deploy.0 = Release|Any CPU
		{113238D2-73E5-42AD-8015-DE57886EA45D}.Release|ARM.ActiveCfg = Release|ARM
		{113238D2-73E5-42AD-8015-DE57886EA45D}.Release|ARM.Build.0 = Release|ARM
		{113238D2-73E5-42AD-8015-DE57886EA45D}.Release|ARM.Deploy.0 = Release|ARM
		{113238D2-73E5-42AD-8015-DE57886EA45D}.Release|iPhone.ActiveCfg = Release|Any CPU
		{113238D2-73E5-42AD-8015-DE57886EA45D}.Release|iPhone.Build.0 = Release|Any CPU
		{113238D2-73E5-42AD-8015-DE57886EA45D}.Release|iPhone.Deploy.0 = Release|Any CPU
		{113238D2-73E5-42AD-8015-DE57886EA45D}.Release|iPhoneSimulator.ActiveCfg = Release|Any CPU
		{113238D2-73E5-42AD-8015-DE57886EA45D}.Release|iPhoneSimulator.Build.0 = Release|Any CPU
		{113238D2-73E5-42AD-8015-DE57886EA45D}.Release|iPhoneSimulator.Deploy.0 = Release|Any CPU
		{113238D2-73E5-42AD-8015-DE57886EA45D}.Release|x64.ActiveCfg = Release|x64
		{113238D2-73E5-42AD-8015-DE57886EA45D}.Release|x64.Build.0 = Release|x64
		{113238D2-73E5-42AD-8015-DE57886EA45D}.Release|x64.Deploy.0 = Release|x64
		{113238D2-73E5-42AD-8015-DE57886EA45D}.Release|x86.ActiveCfg = Release|x86
		{113238D2-73E5-42AD-8015-DE57886EA45D}.Release|x86.Build.0 = Release|x86
		{113238D2-73E5-42AD-8015-DE57886EA45D}.Release|x86.Deploy.0 = Release|x86
		{C50857D3-27E0-43F7-B72C-C10EE7B016C1}.Ad-Hoc|Any CPU.ActiveCfg = Release|Any CPU
		{C50857D3-27E0-43F7-B72C-C10EE7B016C1}.Ad-Hoc|Any CPU.Build.0 = Release|Any CPU
		{C50857D3-27E0-43F7-B72C-C10EE7B016C1}.Ad-Hoc|ARM.ActiveCfg = Release|Any CPU
		{C50857D3-27E0-43F7-B72C-C10EE7B016C1}.Ad-Hoc|ARM.Build.0 = Release|Any CPU
		{C50857D3-27E0-43F7-B72C-C10EE7B016C1}.Ad-Hoc|iPhone.ActiveCfg = Release|Any CPU
		{C50857D3-27E0-43F7-B72C-C10EE7B016C1}.Ad-Hoc|iPhone.Build.0 = Release|Any CPU
		{C50857D3-27E0-43F7-B72C-C10EE7B016C1}.Ad-Hoc|iPhoneSimulator.ActiveCfg = Release|Any CPU
		{C50857D3-27E0-43F7-B72C-C10EE7B016C1}.Ad-Hoc|iPhoneSimulator.Build.0 = Release|Any CPU
		{C50857D3-27E0-43F7-B72C-C10EE7B016C1}.Ad-Hoc|x64.ActiveCfg = Release|Any CPU
		{C50857D3-27E0-43F7-B72C-C10EE7B016C1}.Ad-Hoc|x64.Build.0 = Release|Any CPU
		{C50857D3-27E0-43F7-B72C-C10EE7B016C1}.Ad-Hoc|x86.ActiveCfg = Release|Any CPU
		{C50857D3-27E0-43F7-B72C-C10EE7B016C1}.Ad-Hoc|x86.Build.0 = Release|Any CPU
		{C50857D3-27E0-43F7-B72C-C10EE7B016C1}.AppStore|Any CPU.ActiveCfg = Release|Any CPU
		{C50857D3-27E0-43F7-B72C-C10EE7B016C1}.AppStore|Any CPU.Build.0 = Release|Any CPU
		{C50857D3-27E0-43F7-B72C-C10EE7B016C1}.AppStore|ARM.ActiveCfg = Release|Any CPU
		{C50857D3-27E0-43F7-B72C-C10EE7B016C1}.AppStore|ARM.Build.0 = Release|Any CPU
		{C50857D3-27E0-43F7-B72C-C10EE7B016C1}.AppStore|iPhone.ActiveCfg = Release|Any CPU
		{C50857D3-27E0-43F7-B72C-C10EE7B016C1}.AppStore|iPhone.Build.0 = Release|Any CPU
		{C50857D3-27E0-43F7-B72C-C10EE7B016C1}.AppStore|iPhoneSimulator.ActiveCfg = Release|Any CPU
		{C50857D3-27E0-43F7-B72C-C10EE7B016C1}.AppStore|iPhoneSimulator.Build.0 = Release|Any CPU
		{C50857D3-27E0-43F7-B72C-C10EE7B016C1}.AppStore|x64.ActiveCfg = Release|Any CPU
		{C50857D3-27E0-43F7-B72C-C10EE7B016C1}.AppStore|x64.Build.0 = Release|Any CPU
		{C50857D3-27E0-43F7-B72C-C10EE7B016C1}.AppStore|x86.ActiveCfg = Release|Any CPU
		{C50857D3-27E0-43F7-B72C-C10EE7B016C1}.AppStore|x86.Build.0 = Release|Any CPU
		{C50857D3-27E0-43F7-B72C-C10EE7B016C1}.Debug|Any CPU.ActiveCfg = Debug|Any CPU
		{C50857D3-27E0-43F7-B72C-C10EE7B016C1}.Debug|Any CPU.Build.0 = Debug|Any CPU
		{C50857D3-27E0-43F7-B72C-C10EE7B016C1}.Debug|ARM.ActiveCfg = Debug|Any CPU
		{C50857D3-27E0-43F7-B72C-C10EE7B016C1}.Debug|ARM.Build.0 = Debug|Any CPU
		{C50857D3-27E0-43F7-B72C-C10EE7B016C1}.Debug|iPhone.ActiveCfg = Debug|Any CPU
		{C50857D3-27E0-43F7-B72C-C10EE7B016C1}.Debug|iPhone.Build.0 = Debug|Any CPU
		{C50857D3-27E0-43F7-B72C-C10EE7B016C1}.Debug|iPhoneSimulator.ActiveCfg = Debug|Any CPU
		{C50857D3-27E0-43F7-B72C-C10EE7B016C1}.Debug|iPhoneSimulator.Build.0 = Debug|Any CPU
		{C50857D3-27E0-43F7-B72C-C10EE7B016C1}.Debug|x64.ActiveCfg = Debug|Any CPU
		{C50857D3-27E0-43F7-B72C-C10EE7B016C1}.Debug|x64.Build.0 = Debug|Any CPU
		{C50857D3-27E0-43F7-B72C-C10EE7B016C1}.Debug|x86.ActiveCfg = Debug|Any CPU
		{C50857D3-27E0-43F7-B72C-C10EE7B016C1}.Debug|x86.Build.0 = Debug|Any CPU
		{C50857D3-27E0-43F7-B72C-C10EE7B016C1}.Release|Any CPU.ActiveCfg = Release|Any CPU
		{C50857D3-27E0-43F7-B72C-C10EE7B016C1}.Release|Any CPU.Build.0 = Release|Any CPU
		{C50857D3-27E0-43F7-B72C-C10EE7B016C1}.Release|ARM.ActiveCfg = Release|Any CPU
		{C50857D3-27E0-43F7-B72C-C10EE7B016C1}.Release|ARM.Build.0 = Release|Any CPU
		{C50857D3-27E0-43F7-B72C-C10EE7B016C1}.Release|iPhone.ActiveCfg = Release|Any CPU
		{C50857D3-27E0-43F7-B72C-C10EE7B016C1}.Release|iPhone.Build.0 = Release|Any CPU
		{C50857D3-27E0-43F7-B72C-C10EE7B016C1}.Release|iPhoneSimulator.ActiveCfg = Release|Any CPU
		{C50857D3-27E0-43F7-B72C-C10EE7B016C1}.Release|iPhoneSimulator.Build.0 = Release|Any CPU
		{C50857D3-27E0-43F7-B72C-C10EE7B016C1}.Release|x64.ActiveCfg = Release|Any CPU
		{C50857D3-27E0-43F7-B72C-C10EE7B016C1}.Release|x64.Build.0 = Release|Any CPU
		{C50857D3-27E0-43F7-B72C-C10EE7B016C1}.Release|x86.ActiveCfg = Release|Any CPU
		{C50857D3-27E0-43F7-B72C-C10EE7B016C1}.Release|x86.Build.0 = Release|Any CPU
		{F520D24B-DAE7-4FD9-BE41-012321A42E49}.Ad-Hoc|Any CPU.ActiveCfg = Release|Any CPU
		{F520D24B-DAE7-4FD9-BE41-012321A42E49}.Ad-Hoc|Any CPU.Build.0 = Release|Any CPU
		{F520D24B-DAE7-4FD9-BE41-012321A42E49}.Ad-Hoc|ARM.ActiveCfg = Release|Any CPU
		{F520D24B-DAE7-4FD9-BE41-012321A42E49}.Ad-Hoc|ARM.Build.0 = Release|Any CPU
		{F520D24B-DAE7-4FD9-BE41-012321A42E49}.Ad-Hoc|iPhone.ActiveCfg = Release|Any CPU
		{F520D24B-DAE7-4FD9-BE41-012321A42E49}.Ad-Hoc|iPhone.Build.0 = Release|Any CPU
		{F520D24B-DAE7-4FD9-BE41-012321A42E49}.Ad-Hoc|iPhoneSimulator.ActiveCfg = Release|Any CPU
		{F520D24B-DAE7-4FD9-BE41-012321A42E49}.Ad-Hoc|iPhoneSimulator.Build.0 = Release|Any CPU
		{F520D24B-DAE7-4FD9-BE41-012321A42E49}.Ad-Hoc|x64.ActiveCfg = Release|Any CPU
		{F520D24B-DAE7-4FD9-BE41-012321A42E49}.Ad-Hoc|x64.Build.0 = Release|Any CPU
		{F520D24B-DAE7-4FD9-BE41-012321A42E49}.Ad-Hoc|x86.ActiveCfg = Release|Any CPU
		{F520D24B-DAE7-4FD9-BE41-012321A42E49}.Ad-Hoc|x86.Build.0 = Release|Any CPU
		{F520D24B-DAE7-4FD9-BE41-012321A42E49}.AppStore|Any CPU.ActiveCfg = Release|Any CPU
		{F520D24B-DAE7-4FD9-BE41-012321A42E49}.AppStore|Any CPU.Build.0 = Release|Any CPU
		{F520D24B-DAE7-4FD9-BE41-012321A42E49}.AppStore|ARM.ActiveCfg = Release|Any CPU
		{F520D24B-DAE7-4FD9-BE41-012321A42E49}.AppStore|ARM.Build.0 = Release|Any CPU
		{F520D24B-DAE7-4FD9-BE41-012321A42E49}.AppStore|iPhone.ActiveCfg = Release|Any CPU
		{F520D24B-DAE7-4FD9-BE41-012321A42E49}.AppStore|iPhone.Build.0 = Release|Any CPU
		{F520D24B-DAE7-4FD9-BE41-012321A42E49}.AppStore|iPhoneSimulator.ActiveCfg = Release|Any CPU
		{F520D24B-DAE7-4FD9-BE41-012321A42E49}.AppStore|iPhoneSimulator.Build.0 = Release|Any CPU
		{F520D24B-DAE7-4FD9-BE41-012321A42E49}.AppStore|x64.ActiveCfg = Release|Any CPU
		{F520D24B-DAE7-4FD9-BE41-012321A42E49}.AppStore|x64.Build.0 = Release|Any CPU
		{F520D24B-DAE7-4FD9-BE41-012321A42E49}.AppStore|x86.ActiveCfg = Release|Any CPU
		{F520D24B-DAE7-4FD9-BE41-012321A42E49}.AppStore|x86.Build.0 = Release|Any CPU
		{F520D24B-DAE7-4FD9-BE41-012321A42E49}.Debug|Any CPU.ActiveCfg = Debug|Any CPU
		{F520D24B-DAE7-4FD9-BE41-012321A42E49}.Debug|Any CPU.Build.0 = Debug|Any CPU
		{F520D24B-DAE7-4FD9-BE41-012321A42E49}.Debug|ARM.ActiveCfg = Debug|Any CPU
		{F520D24B-DAE7-4FD9-BE41-012321A42E49}.Debug|ARM.Build.0 = Debug|Any CPU
		{F520D24B-DAE7-4FD9-BE41-012321A42E49}.Debug|iPhone.ActiveCfg = Debug|Any CPU
		{F520D24B-DAE7-4FD9-BE41-012321A42E49}.Debug|iPhone.Build.0 = Debug|Any CPU
		{F520D24B-DAE7-4FD9-BE41-012321A42E49}.Debug|iPhoneSimulator.ActiveCfg = Debug|Any CPU
		{F520D24B-DAE7-4FD9-BE41-012321A42E49}.Debug|iPhoneSimulator.Build.0 = Debug|Any CPU
		{F520D24B-DAE7-4FD9-BE41-012321A42E49}.Debug|x64.ActiveCfg = Debug|Any CPU
		{F520D24B-DAE7-4FD9-BE41-012321A42E49}.Debug|x64.Build.0 = Debug|Any CPU
		{F520D24B-DAE7-4FD9-BE41-012321A42E49}.Debug|x86.ActiveCfg = Debug|Any CPU
		{F520D24B-DAE7-4FD9-BE41-012321A42E49}.Debug|x86.Build.0 = Debug|Any CPU
		{F520D24B-DAE7-4FD9-BE41-012321A42E49}.Release|Any CPU.ActiveCfg = Release|Any CPU
		{F520D24B-DAE7-4FD9-BE41-012321A42E49}.Release|Any CPU.Build.0 = Release|Any CPU
		{F520D24B-DAE7-4FD9-BE41-012321A42E49}.Release|ARM.ActiveCfg = Release|Any CPU
		{F520D24B-DAE7-4FD9-BE41-012321A42E49}.Release|ARM.Build.0 = Release|Any CPU
		{F520D24B-DAE7-4FD9-BE41-012321A42E49}.Release|iPhone.ActiveCfg = Release|Any CPU
		{F520D24B-DAE7-4FD9-BE41-012321A42E49}.Release|iPhone.Build.0 = Release|Any CPU
		{F520D24B-DAE7-4FD9-BE41-012321A42E49}.Release|iPhoneSimulator.ActiveCfg = Release|Any CPU
		{F520D24B-DAE7-4FD9-BE41-012321A42E49}.Release|iPhoneSimulator.Build.0 = Release|Any CPU
		{F520D24B-DAE7-4FD9-BE41-012321A42E49}.Release|x64.ActiveCfg = Release|Any CPU
		{F520D24B-DAE7-4FD9-BE41-012321A42E49}.Release|x64.Build.0 = Release|Any CPU
		{F520D24B-DAE7-4FD9-BE41-012321A42E49}.Release|x86.ActiveCfg = Release|Any CPU
		{F520D24B-DAE7-4FD9-BE41-012321A42E49}.Release|x86.Build.0 = Release|Any CPU
		{AF0541B0-50EB-4DFA-9DC5-BDD1E29D0020}.Ad-Hoc|Any CPU.ActiveCfg = Release|Any CPU
		{AF0541B0-50EB-4DFA-9DC5-BDD1E29D0020}.Ad-Hoc|Any CPU.Build.0 = Release|Any CPU
		{AF0541B0-50EB-4DFA-9DC5-BDD1E29D0020}.Ad-Hoc|ARM.ActiveCfg = Release|Any CPU
		{AF0541B0-50EB-4DFA-9DC5-BDD1E29D0020}.Ad-Hoc|ARM.Build.0 = Release|Any CPU
		{AF0541B0-50EB-4DFA-9DC5-BDD1E29D0020}.Ad-Hoc|iPhone.ActiveCfg = Release|Any CPU
		{AF0541B0-50EB-4DFA-9DC5-BDD1E29D0020}.Ad-Hoc|iPhone.Build.0 = Release|Any CPU
		{AF0541B0-50EB-4DFA-9DC5-BDD1E29D0020}.Ad-Hoc|iPhoneSimulator.ActiveCfg = Release|Any CPU
		{AF0541B0-50EB-4DFA-9DC5-BDD1E29D0020}.Ad-Hoc|iPhoneSimulator.Build.0 = Release|Any CPU
		{AF0541B0-50EB-4DFA-9DC5-BDD1E29D0020}.Ad-Hoc|x64.ActiveCfg = Release|Any CPU
		{AF0541B0-50EB-4DFA-9DC5-BDD1E29D0020}.Ad-Hoc|x64.Build.0 = Release|Any CPU
		{AF0541B0-50EB-4DFA-9DC5-BDD1E29D0020}.Ad-Hoc|x86.ActiveCfg = Release|Any CPU
		{AF0541B0-50EB-4DFA-9DC5-BDD1E29D0020}.Ad-Hoc|x86.Build.0 = Release|Any CPU
		{AF0541B0-50EB-4DFA-9DC5-BDD1E29D0020}.AppStore|Any CPU.ActiveCfg = Release|Any CPU
		{AF0541B0-50EB-4DFA-9DC5-BDD1E29D0020}.AppStore|Any CPU.Build.0 = Release|Any CPU
		{AF0541B0-50EB-4DFA-9DC5-BDD1E29D0020}.AppStore|ARM.ActiveCfg = Release|Any CPU
		{AF0541B0-50EB-4DFA-9DC5-BDD1E29D0020}.AppStore|ARM.Build.0 = Release|Any CPU
		{AF0541B0-50EB-4DFA-9DC5-BDD1E29D0020}.AppStore|iPhone.ActiveCfg = Release|Any CPU
		{AF0541B0-50EB-4DFA-9DC5-BDD1E29D0020}.AppStore|iPhone.Build.0 = Release|Any CPU
		{AF0541B0-50EB-4DFA-9DC5-BDD1E29D0020}.AppStore|iPhoneSimulator.ActiveCfg = Release|Any CPU
		{AF0541B0-50EB-4DFA-9DC5-BDD1E29D0020}.AppStore|iPhoneSimulator.Build.0 = Release|Any CPU
		{AF0541B0-50EB-4DFA-9DC5-BDD1E29D0020}.AppStore|x64.ActiveCfg = Release|Any CPU
		{AF0541B0-50EB-4DFA-9DC5-BDD1E29D0020}.AppStore|x64.Build.0 = Release|Any CPU
		{AF0541B0-50EB-4DFA-9DC5-BDD1E29D0020}.AppStore|x86.ActiveCfg = Release|Any CPU
		{AF0541B0-50EB-4DFA-9DC5-BDD1E29D0020}.AppStore|x86.Build.0 = Release|Any CPU
		{AF0541B0-50EB-4DFA-9DC5-BDD1E29D0020}.Debug|Any CPU.ActiveCfg = Debug|Any CPU
		{AF0541B0-50EB-4DFA-9DC5-BDD1E29D0020}.Debug|Any CPU.Build.0 = Debug|Any CPU
		{AF0541B0-50EB-4DFA-9DC5-BDD1E29D0020}.Debug|ARM.ActiveCfg = Debug|Any CPU
		{AF0541B0-50EB-4DFA-9DC5-BDD1E29D0020}.Debug|ARM.Build.0 = Debug|Any CPU
		{AF0541B0-50EB-4DFA-9DC5-BDD1E29D0020}.Debug|iPhone.ActiveCfg = Debug|Any CPU
		{AF0541B0-50EB-4DFA-9DC5-BDD1E29D0020}.Debug|iPhone.Build.0 = Debug|Any CPU
		{AF0541B0-50EB-4DFA-9DC5-BDD1E29D0020}.Debug|iPhoneSimulator.ActiveCfg = Debug|Any CPU
		{AF0541B0-50EB-4DFA-9DC5-BDD1E29D0020}.Debug|iPhoneSimulator.Build.0 = Debug|Any CPU
		{AF0541B0-50EB-4DFA-9DC5-BDD1E29D0020}.Debug|x64.ActiveCfg = Debug|Any CPU
		{AF0541B0-50EB-4DFA-9DC5-BDD1E29D0020}.Debug|x64.Build.0 = Debug|Any CPU
		{AF0541B0-50EB-4DFA-9DC5-BDD1E29D0020}.Debug|x86.ActiveCfg = Debug|Any CPU
		{AF0541B0-50EB-4DFA-9DC5-BDD1E29D0020}.Debug|x86.Build.0 = Debug|Any CPU
		{AF0541B0-50EB-4DFA-9DC5-BDD1E29D0020}.Release|Any CPU.ActiveCfg = Release|Any CPU
		{AF0541B0-50EB-4DFA-9DC5-BDD1E29D0020}.Release|Any CPU.Build.0 = Release|Any CPU
		{AF0541B0-50EB-4DFA-9DC5-BDD1E29D0020}.Release|ARM.ActiveCfg = Release|Any CPU
		{AF0541B0-50EB-4DFA-9DC5-BDD1E29D0020}.Release|ARM.Build.0 = Release|Any CPU
		{AF0541B0-50EB-4DFA-9DC5-BDD1E29D0020}.Release|iPhone.ActiveCfg = Release|Any CPU
		{AF0541B0-50EB-4DFA-9DC5-BDD1E29D0020}.Release|iPhone.Build.0 = Release|Any CPU
		{AF0541B0-50EB-4DFA-9DC5-BDD1E29D0020}.Release|iPhoneSimulator.ActiveCfg = Release|Any CPU
		{AF0541B0-50EB-4DFA-9DC5-BDD1E29D0020}.Release|iPhoneSimulator.Build.0 = Release|Any CPU
		{AF0541B0-50EB-4DFA-9DC5-BDD1E29D0020}.Release|x64.ActiveCfg = Release|Any CPU
		{AF0541B0-50EB-4DFA-9DC5-BDD1E29D0020}.Release|x64.Build.0 = Release|Any CPU
		{AF0541B0-50EB-4DFA-9DC5-BDD1E29D0020}.Release|x86.ActiveCfg = Release|Any CPU
		{AF0541B0-50EB-4DFA-9DC5-BDD1E29D0020}.Release|x86.Build.0 = Release|Any CPU
		{5BC0A8B6-0FB1-466F-8D11-79D0F2A0807C}.Ad-Hoc|Any CPU.ActiveCfg = Release|Any CPU
		{5BC0A8B6-0FB1-466F-8D11-79D0F2A0807C}.Ad-Hoc|Any CPU.Build.0 = Release|Any CPU
		{5BC0A8B6-0FB1-466F-8D11-79D0F2A0807C}.Ad-Hoc|ARM.ActiveCfg = Release|Any CPU
		{5BC0A8B6-0FB1-466F-8D11-79D0F2A0807C}.Ad-Hoc|ARM.Build.0 = Release|Any CPU
		{5BC0A8B6-0FB1-466F-8D11-79D0F2A0807C}.Ad-Hoc|iPhone.ActiveCfg = Release|Any CPU
		{5BC0A8B6-0FB1-466F-8D11-79D0F2A0807C}.Ad-Hoc|iPhone.Build.0 = Release|Any CPU
		{5BC0A8B6-0FB1-466F-8D11-79D0F2A0807C}.Ad-Hoc|iPhoneSimulator.ActiveCfg = Release|Any CPU
		{5BC0A8B6-0FB1-466F-8D11-79D0F2A0807C}.Ad-Hoc|iPhoneSimulator.Build.0 = Release|Any CPU
		{5BC0A8B6-0FB1-466F-8D11-79D0F2A0807C}.Ad-Hoc|x64.ActiveCfg = Release|Any CPU
		{5BC0A8B6-0FB1-466F-8D11-79D0F2A0807C}.Ad-Hoc|x64.Build.0 = Release|Any CPU
		{5BC0A8B6-0FB1-466F-8D11-79D0F2A0807C}.Ad-Hoc|x86.ActiveCfg = Release|Any CPU
		{5BC0A8B6-0FB1-466F-8D11-79D0F2A0807C}.Ad-Hoc|x86.Build.0 = Release|Any CPU
		{5BC0A8B6-0FB1-466F-8D11-79D0F2A0807C}.AppStore|Any CPU.ActiveCfg = Release|Any CPU
		{5BC0A8B6-0FB1-466F-8D11-79D0F2A0807C}.AppStore|Any CPU.Build.0 = Release|Any CPU
		{5BC0A8B6-0FB1-466F-8D11-79D0F2A0807C}.AppStore|ARM.ActiveCfg = Release|Any CPU
		{5BC0A8B6-0FB1-466F-8D11-79D0F2A0807C}.AppStore|ARM.Build.0 = Release|Any CPU
		{5BC0A8B6-0FB1-466F-8D11-79D0F2A0807C}.AppStore|iPhone.ActiveCfg = Release|Any CPU
		{5BC0A8B6-0FB1-466F-8D11-79D0F2A0807C}.AppStore|iPhone.Build.0 = Release|Any CPU
		{5BC0A8B6-0FB1-466F-8D11-79D0F2A0807C}.AppStore|iPhoneSimulator.ActiveCfg = Release|Any CPU
		{5BC0A8B6-0FB1-466F-8D11-79D0F2A0807C}.AppStore|iPhoneSimulator.Build.0 = Release|Any CPU
		{5BC0A8B6-0FB1-466F-8D11-79D0F2A0807C}.AppStore|x64.ActiveCfg = Release|Any CPU
		{5BC0A8B6-0FB1-466F-8D11-79D0F2A0807C}.AppStore|x64.Build.0 = Release|Any CPU
		{5BC0A8B6-0FB1-466F-8D11-79D0F2A0807C}.AppStore|x86.ActiveCfg = Release|Any CPU
		{5BC0A8B6-0FB1-466F-8D11-79D0F2A0807C}.AppStore|x86.Build.0 = Release|Any CPU
		{5BC0A8B6-0FB1-466F-8D11-79D0F2A0807C}.Debug|Any CPU.ActiveCfg = Debug|Any CPU
		{5BC0A8B6-0FB1-466F-8D11-79D0F2A0807C}.Debug|Any CPU.Build.0 = Debug|Any CPU
		{5BC0A8B6-0FB1-466F-8D11-79D0F2A0807C}.Debug|ARM.ActiveCfg = Debug|Any CPU
		{5BC0A8B6-0FB1-466F-8D11-79D0F2A0807C}.Debug|ARM.Build.0 = Debug|Any CPU
		{5BC0A8B6-0FB1-466F-8D11-79D0F2A0807C}.Debug|iPhone.ActiveCfg = Debug|Any CPU
		{5BC0A8B6-0FB1-466F-8D11-79D0F2A0807C}.Debug|iPhone.Build.0 = Debug|Any CPU
		{5BC0A8B6-0FB1-466F-8D11-79D0F2A0807C}.Debug|iPhoneSimulator.ActiveCfg = Debug|Any CPU
		{5BC0A8B6-0FB1-466F-8D11-79D0F2A0807C}.Debug|iPhoneSimulator.Build.0 = Debug|Any CPU
		{5BC0A8B6-0FB1-466F-8D11-79D0F2A0807C}.Debug|x64.ActiveCfg = Debug|Any CPU
		{5BC0A8B6-0FB1-466F-8D11-79D0F2A0807C}.Debug|x64.Build.0 = Debug|Any CPU
		{5BC0A8B6-0FB1-466F-8D11-79D0F2A0807C}.Debug|x86.ActiveCfg = Debug|Any CPU
		{5BC0A8B6-0FB1-466F-8D11-79D0F2A0807C}.Debug|x86.Build.0 = Debug|Any CPU
		{5BC0A8B6-0FB1-466F-8D11-79D0F2A0807C}.Release|Any CPU.ActiveCfg = Release|Any CPU
		{5BC0A8B6-0FB1-466F-8D11-79D0F2A0807C}.Release|Any CPU.Build.0 = Release|Any CPU
		{5BC0A8B6-0FB1-466F-8D11-79D0F2A0807C}.Release|ARM.ActiveCfg = Release|Any CPU
		{5BC0A8B6-0FB1-466F-8D11-79D0F2A0807C}.Release|ARM.Build.0 = Release|Any CPU
		{5BC0A8B6-0FB1-466F-8D11-79D0F2A0807C}.Release|iPhone.ActiveCfg = Release|Any CPU
		{5BC0A8B6-0FB1-466F-8D11-79D0F2A0807C}.Release|iPhone.Build.0 = Release|Any CPU
		{5BC0A8B6-0FB1-466F-8D11-79D0F2A0807C}.Release|iPhoneSimulator.ActiveCfg = Release|Any CPU
		{5BC0A8B6-0FB1-466F-8D11-79D0F2A0807C}.Release|iPhoneSimulator.Build.0 = Release|Any CPU
		{5BC0A8B6-0FB1-466F-8D11-79D0F2A0807C}.Release|x64.ActiveCfg = Release|Any CPU
		{5BC0A8B6-0FB1-466F-8D11-79D0F2A0807C}.Release|x64.Build.0 = Release|Any CPU
		{5BC0A8B6-0FB1-466F-8D11-79D0F2A0807C}.Release|x86.ActiveCfg = Release|Any CPU
		{5BC0A8B6-0FB1-466F-8D11-79D0F2A0807C}.Release|x86.Build.0 = Release|Any CPU
		{66E810EC-E79D-4A81-8CD3-B10DE235B639}.Ad-Hoc|Any CPU.ActiveCfg = Release|Any CPU
		{66E810EC-E79D-4A81-8CD3-B10DE235B639}.Ad-Hoc|Any CPU.Build.0 = Release|Any CPU
		{66E810EC-E79D-4A81-8CD3-B10DE235B639}.Ad-Hoc|ARM.ActiveCfg = Release|Any CPU
		{66E810EC-E79D-4A81-8CD3-B10DE235B639}.Ad-Hoc|ARM.Build.0 = Release|Any CPU
		{66E810EC-E79D-4A81-8CD3-B10DE235B639}.Ad-Hoc|iPhone.ActiveCfg = Release|Any CPU
		{66E810EC-E79D-4A81-8CD3-B10DE235B639}.Ad-Hoc|iPhone.Build.0 = Release|Any CPU
		{66E810EC-E79D-4A81-8CD3-B10DE235B639}.Ad-Hoc|iPhoneSimulator.ActiveCfg = Release|Any CPU
		{66E810EC-E79D-4A81-8CD3-B10DE235B639}.Ad-Hoc|iPhoneSimulator.Build.0 = Release|Any CPU
		{66E810EC-E79D-4A81-8CD3-B10DE235B639}.Ad-Hoc|x64.ActiveCfg = Release|Any CPU
		{66E810EC-E79D-4A81-8CD3-B10DE235B639}.Ad-Hoc|x64.Build.0 = Release|Any CPU
		{66E810EC-E79D-4A81-8CD3-B10DE235B639}.Ad-Hoc|x86.ActiveCfg = Release|Any CPU
		{66E810EC-E79D-4A81-8CD3-B10DE235B639}.Ad-Hoc|x86.Build.0 = Release|Any CPU
		{66E810EC-E79D-4A81-8CD3-B10DE235B639}.AppStore|Any CPU.ActiveCfg = Release|Any CPU
		{66E810EC-E79D-4A81-8CD3-B10DE235B639}.AppStore|Any CPU.Build.0 = Release|Any CPU
		{66E810EC-E79D-4A81-8CD3-B10DE235B639}.AppStore|ARM.ActiveCfg = Release|Any CPU
		{66E810EC-E79D-4A81-8CD3-B10DE235B639}.AppStore|ARM.Build.0 = Release|Any CPU
		{66E810EC-E79D-4A81-8CD3-B10DE235B639}.AppStore|iPhone.ActiveCfg = Release|Any CPU
		{66E810EC-E79D-4A81-8CD3-B10DE235B639}.AppStore|iPhone.Build.0 = Release|Any CPU
		{66E810EC-E79D-4A81-8CD3-B10DE235B639}.AppStore|iPhoneSimulator.ActiveCfg = Release|Any CPU
		{66E810EC-E79D-4A81-8CD3-B10DE235B639}.AppStore|iPhoneSimulator.Build.0 = Release|Any CPU
		{66E810EC-E79D-4A81-8CD3-B10DE235B639}.AppStore|x64.ActiveCfg = Release|Any CPU
		{66E810EC-E79D-4A81-8CD3-B10DE235B639}.AppStore|x64.Build.0 = Release|Any CPU
		{66E810EC-E79D-4A81-8CD3-B10DE235B639}.AppStore|x86.ActiveCfg = Release|Any CPU
		{66E810EC-E79D-4A81-8CD3-B10DE235B639}.AppStore|x86.Build.0 = Release|Any CPU
		{66E810EC-E79D-4A81-8CD3-B10DE235B639}.Debug|Any CPU.ActiveCfg = Debug|Any CPU
		{66E810EC-E79D-4A81-8CD3-B10DE235B639}.Debug|Any CPU.Build.0 = Debug|Any CPU
		{66E810EC-E79D-4A81-8CD3-B10DE235B639}.Debug|ARM.ActiveCfg = Debug|Any CPU
		{66E810EC-E79D-4A81-8CD3-B10DE235B639}.Debug|ARM.Build.0 = Debug|Any CPU
		{66E810EC-E79D-4A81-8CD3-B10DE235B639}.Debug|iPhone.ActiveCfg = Debug|Any CPU
		{66E810EC-E79D-4A81-8CD3-B10DE235B639}.Debug|iPhone.Build.0 = Debug|Any CPU
		{66E810EC-E79D-4A81-8CD3-B10DE235B639}.Debug|iPhoneSimulator.ActiveCfg = Debug|Any CPU
		{66E810EC-E79D-4A81-8CD3-B10DE235B639}.Debug|iPhoneSimulator.Build.0 = Debug|Any CPU
		{66E810EC-E79D-4A81-8CD3-B10DE235B639}.Debug|x64.ActiveCfg = Debug|Any CPU
		{66E810EC-E79D-4A81-8CD3-B10DE235B639}.Debug|x64.Build.0 = Debug|Any CPU
		{66E810EC-E79D-4A81-8CD3-B10DE235B639}.Debug|x86.ActiveCfg = Debug|Any CPU
		{66E810EC-E79D-4A81-8CD3-B10DE235B639}.Debug|x86.Build.0 = Debug|Any CPU
		{66E810EC-E79D-4A81-8CD3-B10DE235B639}.Release|Any CPU.ActiveCfg = Release|Any CPU
		{66E810EC-E79D-4A81-8CD3-B10DE235B639}.Release|Any CPU.Build.0 = Release|Any CPU
		{66E810EC-E79D-4A81-8CD3-B10DE235B639}.Release|ARM.ActiveCfg = Release|Any CPU
		{66E810EC-E79D-4A81-8CD3-B10DE235B639}.Release|ARM.Build.0 = Release|Any CPU
		{66E810EC-E79D-4A81-8CD3-B10DE235B639}.Release|iPhone.ActiveCfg = Release|Any CPU
		{66E810EC-E79D-4A81-8CD3-B10DE235B639}.Release|iPhone.Build.0 = Release|Any CPU
		{66E810EC-E79D-4A81-8CD3-B10DE235B639}.Release|iPhoneSimulator.ActiveCfg = Release|Any CPU
		{66E810EC-E79D-4A81-8CD3-B10DE235B639}.Release|iPhoneSimulator.Build.0 = Release|Any CPU
		{66E810EC-E79D-4A81-8CD3-B10DE235B639}.Release|x64.ActiveCfg = Release|Any CPU
		{66E810EC-E79D-4A81-8CD3-B10DE235B639}.Release|x64.Build.0 = Release|Any CPU
		{66E810EC-E79D-4A81-8CD3-B10DE235B639}.Release|x86.ActiveCfg = Release|Any CPU
		{66E810EC-E79D-4A81-8CD3-B10DE235B639}.Release|x86.Build.0 = Release|Any CPU
		{C8C5FC07-E9A1-4E5F-9043-853013B860D4}.Ad-Hoc|Any CPU.ActiveCfg = Release|Any CPU
		{C8C5FC07-E9A1-4E5F-9043-853013B860D4}.Ad-Hoc|Any CPU.Build.0 = Release|Any CPU
		{C8C5FC07-E9A1-4E5F-9043-853013B860D4}.Ad-Hoc|ARM.ActiveCfg = Release|Any CPU
		{C8C5FC07-E9A1-4E5F-9043-853013B860D4}.Ad-Hoc|ARM.Build.0 = Release|Any CPU
		{C8C5FC07-E9A1-4E5F-9043-853013B860D4}.Ad-Hoc|iPhone.ActiveCfg = Release|Any CPU
		{C8C5FC07-E9A1-4E5F-9043-853013B860D4}.Ad-Hoc|iPhone.Build.0 = Release|Any CPU
		{C8C5FC07-E9A1-4E5F-9043-853013B860D4}.Ad-Hoc|iPhoneSimulator.ActiveCfg = Release|Any CPU
		{C8C5FC07-E9A1-4E5F-9043-853013B860D4}.Ad-Hoc|iPhoneSimulator.Build.0 = Release|Any CPU
		{C8C5FC07-E9A1-4E5F-9043-853013B860D4}.Ad-Hoc|x64.ActiveCfg = Release|Any CPU
		{C8C5FC07-E9A1-4E5F-9043-853013B860D4}.Ad-Hoc|x64.Build.0 = Release|Any CPU
		{C8C5FC07-E9A1-4E5F-9043-853013B860D4}.Ad-Hoc|x86.ActiveCfg = Release|Any CPU
		{C8C5FC07-E9A1-4E5F-9043-853013B860D4}.Ad-Hoc|x86.Build.0 = Release|Any CPU
		{C8C5FC07-E9A1-4E5F-9043-853013B860D4}.AppStore|Any CPU.ActiveCfg = Release|Any CPU
		{C8C5FC07-E9A1-4E5F-9043-853013B860D4}.AppStore|Any CPU.Build.0 = Release|Any CPU
		{C8C5FC07-E9A1-4E5F-9043-853013B860D4}.AppStore|ARM.ActiveCfg = Release|Any CPU
		{C8C5FC07-E9A1-4E5F-9043-853013B860D4}.AppStore|ARM.Build.0 = Release|Any CPU
		{C8C5FC07-E9A1-4E5F-9043-853013B860D4}.AppStore|iPhone.ActiveCfg = Release|Any CPU
		{C8C5FC07-E9A1-4E5F-9043-853013B860D4}.AppStore|iPhone.Build.0 = Release|Any CPU
		{C8C5FC07-E9A1-4E5F-9043-853013B860D4}.AppStore|iPhoneSimulator.ActiveCfg = Release|Any CPU
		{C8C5FC07-E9A1-4E5F-9043-853013B860D4}.AppStore|iPhoneSimulator.Build.0 = Release|Any CPU
		{C8C5FC07-E9A1-4E5F-9043-853013B860D4}.AppStore|x64.ActiveCfg = Release|Any CPU
		{C8C5FC07-E9A1-4E5F-9043-853013B860D4}.AppStore|x64.Build.0 = Release|Any CPU
		{C8C5FC07-E9A1-4E5F-9043-853013B860D4}.AppStore|x86.ActiveCfg = Release|Any CPU
		{C8C5FC07-E9A1-4E5F-9043-853013B860D4}.AppStore|x86.Build.0 = Release|Any CPU
		{C8C5FC07-E9A1-4E5F-9043-853013B860D4}.Debug|Any CPU.ActiveCfg = Debug|Any CPU
		{C8C5FC07-E9A1-4E5F-9043-853013B860D4}.Debug|Any CPU.Build.0 = Debug|Any CPU
		{C8C5FC07-E9A1-4E5F-9043-853013B860D4}.Debug|ARM.ActiveCfg = Debug|Any CPU
		{C8C5FC07-E9A1-4E5F-9043-853013B860D4}.Debug|ARM.Build.0 = Debug|Any CPU
		{C8C5FC07-E9A1-4E5F-9043-853013B860D4}.Debug|iPhone.ActiveCfg = Debug|Any CPU
		{C8C5FC07-E9A1-4E5F-9043-853013B860D4}.Debug|iPhone.Build.0 = Debug|Any CPU
		{C8C5FC07-E9A1-4E5F-9043-853013B860D4}.Debug|iPhoneSimulator.ActiveCfg = Debug|Any CPU
		{C8C5FC07-E9A1-4E5F-9043-853013B860D4}.Debug|iPhoneSimulator.Build.0 = Debug|Any CPU
		{C8C5FC07-E9A1-4E5F-9043-853013B860D4}.Debug|x64.ActiveCfg = Debug|Any CPU
		{C8C5FC07-E9A1-4E5F-9043-853013B860D4}.Debug|x64.Build.0 = Debug|Any CPU
		{C8C5FC07-E9A1-4E5F-9043-853013B860D4}.Debug|x86.ActiveCfg = Debug|Any CPU
		{C8C5FC07-E9A1-4E5F-9043-853013B860D4}.Debug|x86.Build.0 = Debug|Any CPU
		{C8C5FC07-E9A1-4E5F-9043-853013B860D4}.Release|Any CPU.ActiveCfg = Release|Any CPU
		{C8C5FC07-E9A1-4E5F-9043-853013B860D4}.Release|Any CPU.Build.0 = Release|Any CPU
		{C8C5FC07-E9A1-4E5F-9043-853013B860D4}.Release|ARM.ActiveCfg = Release|Any CPU
		{C8C5FC07-E9A1-4E5F-9043-853013B860D4}.Release|ARM.Build.0 = Release|Any CPU
		{C8C5FC07-E9A1-4E5F-9043-853013B860D4}.Release|iPhone.ActiveCfg = Release|Any CPU
		{C8C5FC07-E9A1-4E5F-9043-853013B860D4}.Release|iPhone.Build.0 = Release|Any CPU
		{C8C5FC07-E9A1-4E5F-9043-853013B860D4}.Release|iPhoneSimulator.ActiveCfg = Release|Any CPU
		{C8C5FC07-E9A1-4E5F-9043-853013B860D4}.Release|iPhoneSimulator.Build.0 = Release|Any CPU
		{C8C5FC07-E9A1-4E5F-9043-853013B860D4}.Release|x64.ActiveCfg = Release|Any CPU
		{C8C5FC07-E9A1-4E5F-9043-853013B860D4}.Release|x64.Build.0 = Release|Any CPU
		{C8C5FC07-E9A1-4E5F-9043-853013B860D4}.Release|x86.ActiveCfg = Release|Any CPU
		{C8C5FC07-E9A1-4E5F-9043-853013B860D4}.Release|x86.Build.0 = Release|Any CPU
	EndGlobalSection
	GlobalSection(SolutionProperties) = preSolution
		HideSolutionNode = FALSE
	EndGlobalSection
	GlobalSection(NestedProjects) = preSolution
		{D9B6B95A-E5C6-479F-B6AE-F9BE7B7B0DA4} = {52C87938-8D0C-49F0-9FB4-5CF4EE129AFC}
		{5071D295-D20B-406A-8AAB-49374B35F1DB} = {52C87938-8D0C-49F0-9FB4-5CF4EE129AFC}
		{3159EB6A-EA7A-45C2-8F24-7B84EE36C5B9} = {52C87938-8D0C-49F0-9FB4-5CF4EE129AFC}
		{EB6F4442-45E0-4692-A67C-9873D1A79264} = {52C87938-8D0C-49F0-9FB4-5CF4EE129AFC}
		{113238D2-73E5-42AD-8015-DE57886EA45D} = {52C87938-8D0C-49F0-9FB4-5CF4EE129AFC}
		{C50857D3-27E0-43F7-B72C-C10EE7B016C1} = {DC184DAC-2403-4049-B16B-829823DCD31E}
		{66E810EC-E79D-4A81-8CD3-B10DE235B639} = {67BA5C7D-4D83-4221-8D8B-7709BE713E67}
		{C8C5FC07-E9A1-4E5F-9043-853013B860D4} = {9A8706BA-E825-442D-8A68-5468A5B7B0FF}
	EndGlobalSection
	GlobalSection(TeamFoundationVersionControl) = preSolution
		SccNumberOfProjects = 10
		SccEnterpriseProvider = {4CA58AB2-18FA-4F8D-95D4-32DDF27D184C}
		SccTeamFoundationServer = http://tfs2013-01:8080/tfs/ntinnovationcompanygmbh
		SccLocalPath0 = .
		SccProjectUniqueName1 = CrossNtErp.DataAccess\\CrossNtErp.DataAccess.csproj
		SccProjectName1 = CrossNtErp.DataAccess
		SccLocalPath1 = CrossNtErp.DataAccess
		SccProjectUniqueName2 = CrossNtErp.Shared.Entities\\CrossNtErp.Shared.Entities.csproj
		SccProjectName2 = CrossNtErp.Shared.Entities
		SccLocalPath2 = CrossNtErp.Shared.Entities
		SccProjectUniqueName3 = CrossNtErp.Web\\CrossNtErp.Web.csproj
		SccProjectName3 = CrossNtErp.Web
		SccLocalPath3 = CrossNtErp.Web
		SccProjectUniqueName4 = CrossNtErp\\CrossNtErp.Droid\\CrossNtErp.Droid.csproj
		SccProjectTopLevelParentUniqueName4 = CrossNtErp.sln
		SccProjectName4 = CrossNtErp/CrossNtErp.Droid
		SccLocalPath4 = CrossNtErp\\CrossNtErp.Droid
		SccProjectUniqueName5 = CrossNtErp\\CrossNtErp.Windows\\CrossNtErp.Windows.csproj
		SccProjectTopLevelParentUniqueName5 = CrossNtErp.sln
		SccProjectName5 = CrossNtErp/CrossNtErp.Windows
		SccLocalPath5 = CrossNtErp\\CrossNtErp.Windows
		SccProjectUniqueName6 = CrossNtErp\\CrossNtErp.WinPhone\\CrossNtErp.WinPhone.csproj
		SccProjectTopLevelParentUniqueName6 = CrossNtErp.sln
		SccProjectName6 = CrossNtErp/CrossNtErp.WinPhone
		SccLocalPath6 = CrossNtErp\\CrossNtErp.WinPhone
		SccProjectUniqueName7 = CrossNtErp\\CrossNtErp\\CrossNtErp.csproj
		SccProjectTopLevelParentUniqueName7 = CrossNtErp.sln
		SccProjectName7 = CrossNtErp/CrossNtErp
		SccLocalPath7 = CrossNtErp\\CrossNtErp
		SccProjectUniqueName8 = CrossNtErp.Web.Resources\\CrossNtErp.Web.Resources.csproj
		SccProjectTopLevelParentUniqueName8 = CrossNtErp.sln
		SccProjectName8 = CrossNtErp.Web.Resources
		SccLocalPath8 = CrossNtErp.Web.Resources
		SccProjectUniqueName9 = CrossNtErp.Web.Test\\CrossNtErp.Web.Test.csproj
		SccProjectTopLevelParentUniqueName9 = CrossNtErp.sln
		SccProjectName9 = CrossNtErp.Web.Test
		SccLocalPath9 = CrossNtErp.Web.Test
	EndGlobalSection
EndGlobal
